
Microsoft Visual Studio Solution File, Format Version 12.00
# Visual Studio Version 16
VisualStudioVersion = 16.0.30717.126
MinimumVisualStudioVersion = 10.0.40219.1
Project("{FAE04EC0-301F-11D3-BF4B-00C04F79EFBC}") = "AuthService", "AuthService.csproj", "{20CE350A-1079-4C7A-9EA8-E5212F5A8E3D}"
EndProject
Project("{FAE04EC0-301F-11D3-BF4B-00C04F79EFBC}") = "AuthTest", "..\AuthTest\AuthTest.csproj", "{C83345A9-6F29-4E7F-B0FB-3FA1E6AADF79}"
EndProject
Global
	GlobalSection(SolutionConfigurationPlatforms) = preSolution
		Debug|Any CPU = Debug|Any CPU
		Release|Any CPU = Release|Any CPU
	EndGlobalSection
	GlobalSection(ProjectConfigurationPlatforms) = postSolution
		{20CE350A-1079-4C7A-9EA8-E5212F5A8E3D}.Debug|Any CPU.ActiveCfg = Debug|Any CPU
		{20CE350A-1079-4C7A-9EA8-E5212F5A8E3D}.Debug|Any CPU.Build.0 = Debug|Any CPU
		{20CE350A-1079-4C7A-9EA8-E5212F5A8E3D}.Release|Any CPU.ActiveCfg = Release|Any CPU
		{20CE350A-1079-4C7A-9EA8-E5212F5A8E3D}.Release|Any CPU.Build.0 = Release|Any CPU
		{C83345A9-6F29-4E7F-B0FB-3FA1E6AADF79}.Debug|Any CPU.ActiveCfg = Debug|Any CPU
		{C83345A9-6F29-4E7F-B0FB-3FA1E6AADF79}.Debug|Any CPU.Build.0 = Debug|Any CPU
		{C83345A9-6F29-4E7F-B0FB-3FA1E6AADF79}.Release|Any CPU.ActiveCfg = Release|Any CPU
		{C83345A9-6F29-4E7F-B0FB-3FA1E6AADF79}.Release|Any CPU.Build.0 = Release|Any CPU
	EndGlobalSection
	GlobalSection(SolutionProperties) = preSolution
		HideSolutionNode = FALSE
	EndGlobalSection
	GlobalSection(ExtensibilityGlobals) = postSolution
		SolutionGuid = {69636075-33BA-4347-A5F8-2F37E089F57D}
	EndGlobalSection
EndGlobal
